
Microsoft Visual Studio Solution File, Format Version 12.00
# Visual Studio Version 17
VisualStudioVersion = 17.5.33530.505
MinimumVisualStudioVersion = 10.0.40219.1
Project("{FAE04EC0-301F-11D3-BF4B-00C04F79EFBC}") = "TestesDaDonaMariana.WinApp", "TestesDaDonaMariana.WinApp\TestesDaDonaMariana.WinApp.csproj", "{90D370FA-A71D-4642-8E07-1023177B4FDF}"
EndProject
Global
	GlobalSection(SolutionConfigurationPlatforms) = preSolution
		Debug|Any CPU = Debug|Any CPU
		Release|Any CPU = Release|Any CPU
	EndGlobalSection
	GlobalSection(ProjectConfigurationPlatforms) = postSolution
		{90D370FA-A71D-4642-8E07-1023177B4FDF}.Debug|Any CPU.ActiveCfg = Debug|Any CPU
		{90D370FA-A71D-4642-8E07-1023177B4FDF}.Debug|Any CPU.Build.0 = Debug|Any CPU
		{90D370FA-A71D-4642-8E07-1023177B4FDF}.Release|Any CPU.ActiveCfg = Release|Any CPU
		{90D370FA-A71D-4642-8E07-1023177B4FDF}.Release|Any CPU.Build.0 = Release|Any CPU
	EndGlobalSection
	GlobalSection(SolutionProperties) = preSolution
		HideSolutionNode = FALSE
	EndGlobalSection
	GlobalSection(ExtensibilityGlobals) = postSolution
		SolutionGuid = {13D453A3-CFAA-4FAC-A37A-21260651B9A9}
	EndGlobalSection
EndGlobal
